[[package]]
category = "main"
description = "nose extends unittest to make testing easier"
name = "nose"
optional = false
python-versions = "*"
version = "1.3.7"

[[package]]
category = "main"
description = "Parameterized testing with any Python test framework"
name = "parameterized"
optional = false
python-versions = "*"
version = "0.7.4"

[package.extras]
dev = ["jinja2"]

[metadata]
content-hash = "4de9e75e4e6b2829873fc307271cd3f94a6a2490c42bc90a5cf866d0295d3020"
python-versions = "^3.6"

[metadata.files]
nose = [
    {file = "nose-1.3.7-py2-none-any.whl", hash = "sha256:dadcddc0aefbf99eea214e0f1232b94f2fa9bd98fa8353711dacb112bfcbbb2a"},
    {file = "nose-1.3.7-py3-none-any.whl", hash = "sha256:9ff7c6cc443f8c51994b34a667bbcf45afd6d945be7477b52e97516fd17c53ac"},
    {file = "nose-1.3.7.tar.gz", hash = "sha256:f1bffef9cbc82628f6e7d7b40d7e255aefaa1adb6a1b1d26c69a8b79e6208a98"},
]
parameterized = [
    {file = "parameterized-0.7.4-py2.py3-none-any.whl", hash = "sha256:59ab908e31c01505a987a2be78854e19cb1630c047bbab7848169c371d614d56"},
    {file = "parameterized-0.7.4.tar.gz", hash = "sha256:190f8cc7230eee0b56b30d7f074fd4d165f7c45e6077582d0813c8557e738490"},
]
